
Microsoft Visual Studio Solution File, Format Version 12.00
# Visual Studio Express 2012 for Windows Desktop
Project("{FAE04EC0-301F-11D3-BF4B-00C04F79EFBC}") = "PracticeSharp", "PracticeSharp.csproj", "{BBEECE8C-8D5A-42F5-9901-34E8D07490AE}"
EndProject
Project("{FAE04EC0-301F-11D3-BF4B-00C04F79EFBC}") = "NAudioOggVorbis", "..\NAudioOggVorbis\Library\NAudioOggVorbis.csproj", "{B2D3B85A-252C-4A0E-BB07-816A62AB20A8}"
EndProject
Global
	GlobalSection(SolutionConfigurationPlatforms) = preSolution
		Debug|Any CPU = Debug|Any CPU
		Debug|Mixed Platforms = Debug|Mixed Platforms
		Debug|x86 = Debug|x86
		Release|Any CPU = Release|Any CPU
		Release|Mixed Platforms = Release|Mixed Platforms
		Release|x86 = Release|x86
	EndGlobalSection
	GlobalSection(ProjectConfigurationPlatforms) = postSolution
		{BBEECE8C-8D5A-42F5-9901-34E8D07490AE}.Debug|Any CPU.ActiveCfg = Debug|x86
		{BBEECE8C-8D5A-42F5-9901-34E8D07490AE}.Debug|Any CPU.Build.0 = Debug|x86
		{BBEECE8C-8D5A-42F5-9901-34E8D07490AE}.Debug|Mixed Platforms.ActiveCfg = Debug|x86
		{BBEECE8C-8D5A-42F5-9901-34E8D07490AE}.Debug|Mixed Platforms.Build.0 = Debug|x86
		{BBEECE8C-8D5A-42F5-9901-34E8D07490AE}.Debug|x86.ActiveCfg = Debug|x86
		{BBEECE8C-8D5A-42F5-9901-34E8D07490AE}.Debug|x86.Build.0 = Debug|x86
		{BBEECE8C-8D5A-42F5-9901-34E8D07490AE}.Release|Any CPU.ActiveCfg = Release|x86
		{BBEECE8C-8D5A-42F5-9901-34E8D07490AE}.Release|Mixed Platforms.ActiveCfg = Release|x86
		{BBEECE8C-8D5A-42F5-9901-34E8D07490AE}.Release|Mixed Platforms.Build.0 = Release|x86
		{BBEECE8C-8D5A-42F5-9901-34E8D07490AE}.Release|x86.ActiveCfg = Release|x86
		{BBEECE8C-8D5A-42F5-9901-34E8D07490AE}.Release|x86.Build.0 = Release|x86
		{B2D3B85A-252C-4A0E-BB07-816A62AB20A8}.Debug|Any CPU.ActiveCfg = Debug|x86
		{B2D3B85A-252C-4A0E-BB07-816A62AB20A8}.Debug|Mixed Platforms.ActiveCfg = Debug|x86
		{B2D3B85A-252C-4A0E-BB07-816A62AB20A8}.Debug|Mixed Platforms.Build.0 = Debug|x86
		{B2D3B85A-252C-4A0E-BB07-816A62AB20A8}.Debug|x86.ActiveCfg = Debug|x86
		{B2D3B85A-252C-4A0E-BB07-816A62AB20A8}.Debug|x86.Build.0 = Debug|x86
		{B2D3B85A-252C-4A0E-BB07-816A62AB20A8}.Release|Any CPU.ActiveCfg = Release|x86
		{B2D3B85A-252C-4A0E-BB07-816A62AB20A8}.Release|Mixed Platforms.ActiveCfg = Release|x86
		{B2D3B85A-252C-4A0E-BB07-816A62AB20A8}.Release|Mixed Platforms.Build.0 = Release|x86
		{B2D3B85A-252C-4A0E-BB07-816A62AB20A8}.Release|x86.ActiveCfg = Release|x86
		{B2D3B85A-252C-4A0E-BB07-816A62AB20A8}.Release|x86.Build.0 = Release|x86
	EndGlobalSection
	GlobalSection(SolutionProperties) = preSolution
		HideSolutionNode = FALSE
	EndGlobalSection
EndGlobal
